
Microsoft Visual Studio Solution File, Format Version 12.00
# Visual Studio Express 2012 for Windows Desktop
Project("{FAE04EC0-301F-11D3-BF4B-00C04F79EFBC}") = "Scripts", "SeleniumStarter\Scripts.csproj", "{BCBA530C-9695-4B3A-B78D-E60B30B80673}"
EndProject
Project("{FAE04EC0-301F-11D3-BF4B-00C04F79EFBC}") = "Pages", "Pages\Pages.csproj", "{730B9378-5276-479F-8963-B5F4912BE1F6}"
EndProject
Project("{FAE04EC0-301F-11D3-BF4B-00C04F79EFBC}") = "Helpers", "Helpers\Helpers.csproj", "{E2F49D7E-8957-4A98-AA3A-07162DB6255E}"
EndProject
Global
	GlobalSection(SolutionConfigurationPlatforms) = preSolution
		Debug|Any CPU = Debug|Any CPU
		Release|Any CPU = Release|Any CPU
	EndGlobalSection
	GlobalSection(ProjectConfigurationPlatforms) = postSolution
		{BCBA530C-9695-4B3A-B78D-E60B30B80673}.Debug|Any CPU.ActiveCfg = Debug|Any CPU
		{BCBA530C-9695-4B3A-B78D-E60B30B80673}.Debug|Any CPU.Build.0 = Debug|Any CPU
		{BCBA530C-9695-4B3A-B78D-E60B30B80673}.Release|Any CPU.ActiveCfg = Release|Any CPU
		{BCBA530C-9695-4B3A-B78D-E60B30B80673}.Release|Any CPU.Build.0 = Release|Any CPU
		{730B9378-5276-479F-8963-B5F4912BE1F6}.Debug|Any CPU.ActiveCfg = Debug|Any CPU
		{730B9378-5276-479F-8963-B5F4912BE1F6}.Debug|Any CPU.Build.0 = Debug|Any CPU
		{730B9378-5276-479F-8963-B5F4912BE1F6}.Release|Any CPU.ActiveCfg = Release|Any CPU
		{730B9378-5276-479F-8963-B5F4912BE1F6}.Release|Any CPU.Build.0 = Release|Any CPU
		{E2F49D7E-8957-4A98-AA3A-07162DB6255E}.Debug|Any CPU.ActiveCfg = Debug|Any CPU
		{E2F49D7E-8957-4A98-AA3A-07162DB6255E}.Debug|Any CPU.Build.0 = Debug|Any CPU
		{E2F49D7E-8957-4A98-AA3A-07162DB6255E}.Release|Any CPU.ActiveCfg = Release|Any CPU
		{E2F49D7E-8957-4A98-AA3A-07162DB6255E}.Release|Any CPU.Build.0 = Release|Any CPU
	EndGlobalSection
	GlobalSection(SolutionProperties) = preSolution
		HideSolutionNode = FALSE
	EndGlobalSection
EndGlobal
